{
  "name": "music",
  "lockfileVersion": 2,
  "requires": true,
  "packages": {
    "": {
      "dependencies": {
        "@vant/weapp": "^1.10.7",
        "hy-event-store": "^1.2.1"
      }
    },
    "node_modules/@vant/weapp": {
      "version": "1.10.7",
      "resolved": "https://registry.npmmirror.com/@vant/weapp/-/weapp-1.10.7.tgz",
      "integrity": "sha512-R2FyCk0mK2xvUX2dMgVZjVG512RKBj7ELMDxjRJjhQWtw4495WBgbl5Yb4v2A6d4vWJe6z9toKgDJTciN0Bo9A=="
    },
    "node_modules/hy-event-store": {
      "version": "1.2.1",
      "resolved": "https://registry.npmmirror.com/hy-event-store/-/hy-event-store-1.2.1.tgz",
      "integrity": "sha512-viMS7Zj1VmFgkAENrJr0lMV29FWzaSgLg1gTcZ+WJXuPO+SOhehWqALoJIDGms02qG+tO+++VsPkgD0rXlAikA=="
    }
  },
  "dependencies": {
    "@vant/weapp": {
      "version": "1.10.7",
      "resolved": "https://registry.npmmirror.com/@vant/weapp/-/weapp-1.10.7.tgz",
      "integrity": "sha512-R2FyCk0mK2xvUX2dMgVZjVG512RKBj7ELMDxjRJjhQWtw4495WBgbl5Yb4v2A6d4vWJe6z9toKgDJTciN0Bo9A=="
    },
    "hy-event-store": {
      "version": "1.2.1",
      "resolved": "https://registry.npmmirror.com/hy-event-store/-/hy-event-store-1.2.1.tgz",
      "integrity": "sha512-viMS7Zj1VmFgkAENrJr0lMV29FWzaSgLg1gTcZ+WJXuPO+SOhehWqALoJIDGms02qG+tO+++VsPkgD0rXlAikA=="
    }
  }
}
